
Microsoft Visual Studio Solution File, Format Version 12.00
# Visual Studio 15
VisualStudioVersion = 15.0.27130.2036
MinimumVisualStudioVersion = 10.0.40219.1
Project("{FAE04EC0-301F-11D3-BF4B-00C04F79EFBC}") = "ClassLibrary1", "ClassLibrary1\ClassLibrary1.csproj", "{7913F535-947F-4508-AEED-B97A4F25B3C8}"
EndProject
Project("{FAE04EC0-301F-11D3-BF4B-00C04F79EFBC}") = "Server", "Server\Server.csproj", "{BB9787FC-EE00-4306-93B0-498A3967D150}"
EndProject
Project("{FAE04EC0-301F-11D3-BF4B-00C04F79EFBC}") = "Client", "Client\Client.csproj", "{F4F85964-1F6B-4AE1-ACD7-61E665197F08}"
EndProject
Global
	GlobalSection(SolutionConfigurationPlatforms) = preSolution
		Debug|Any CPU = Debug|Any CPU
		Release|Any CPU = Release|Any CPU
	EndGlobalSection
	GlobalSection(ProjectConfigurationPlatforms) = postSolution
		{7913F535-947F-4508-AEED-B97A4F25B3C8}.Debug|Any CPU.ActiveCfg = Debug|Any CPU
		{7913F535-947F-4508-AEED-B97A4F25B3C8}.Debug|Any CPU.Build.0 = Debug|Any CPU
		{7913F535-947F-4508-AEED-B97A4F25B3C8}.Release|Any CPU.ActiveCfg = Release|Any CPU
		{7913F535-947F-4508-AEED-B97A4F25B3C8}.Release|Any CPU.Build.0 = Release|Any CPU
		{BB9787FC-EE00-4306-93B0-498A3967D150}.Debug|Any CPU.ActiveCfg = Debug|Any CPU
		{BB9787FC-EE00-4306-93B0-498A3967D150}.Debug|Any CPU.Build.0 = Debug|Any CPU
		{BB9787FC-EE00-4306-93B0-498A3967D150}.Release|Any CPU.ActiveCfg = Release|Any CPU
		{BB9787FC-EE00-4306-93B0-498A3967D150}.Release|Any CPU.Build.0 = Release|Any CPU
		{F4F85964-1F6B-4AE1-ACD7-61E665197F08}.Debug|Any CPU.ActiveCfg = Debug|Any CPU
		{F4F85964-1F6B-4AE1-ACD7-61E665197F08}.Debug|Any CPU.Build.0 = Debug|Any CPU
		{F4F85964-1F6B-4AE1-ACD7-61E665197F08}.Release|Any CPU.ActiveCfg = Release|Any CPU
		{F4F85964-1F6B-4AE1-ACD7-61E665197F08}.Release|Any CPU.Build.0 = Release|Any CPU
	EndGlobalSection
	GlobalSection(SolutionProperties) = preSolution
		HideSolutionNode = FALSE
	EndGlobalSection
	GlobalSection(ExtensibilityGlobals) = postSolution
		SolutionGuid = {FB738B6A-1E3B-429E-A88A-1A95B9209451}
	EndGlobalSection
EndGlobal
